
Microsoft Visual Studio Solution File, Format Version 12.00
# Visual Studio Version 16
VisualStudioVersion = 16.0.31702.278
MinimumVisualStudioVersion = 10.0.40219.1
Project("{8BC9CEB8-8B4A-11D0-8D11-00A0C91BC942}") = "ChristmasGiftRandomizer", "ChristmasGiftRandomizer\ChristmasGiftRandomizer.vcxproj", "{030AB940-3C8D-41FB-8980-F156458D0BA1}"
EndProject
Global
	GlobalSection(SolutionConfigurationPlatforms) = preSolution
		Debug|x64 = Debug|x64
		Debug|x86 = Debug|x86
		Release|x64 = Release|x64
		Release|x86 = Release|x86
	EndGlobalSection
	GlobalSection(ProjectConfigurationPlatforms) = postSolution
		{030AB940-3C8D-41FB-8980-F156458D0BA1}.Debug|x64.ActiveCfg = Debug|x64
		{030AB940-3C8D-41FB-8980-F156458D0BA1}.Debug|x64.Build.0 = Debug|x64
		{030AB940-3C8D-41FB-8980-F156458D0BA1}.Debug|x86.ActiveCfg = Debug|Win32
		{030AB940-3C8D-41FB-8980-F156458D0BA1}.Debug|x86.Build.0 = Debug|Win32
		{030AB940-3C8D-41FB-8980-F156458D0BA1}.Release|x64.ActiveCfg = Release|x64
		{030AB940-3C8D-41FB-8980-F156458D0BA1}.Release|x64.Build.0 = Release|x64
		{030AB940-3C8D-41FB-8980-F156458D0BA1}.Release|x86.ActiveCfg = Release|Win32
		{030AB940-3C8D-41FB-8980-F156458D0BA1}.Release|x86.Build.0 = Release|Win32
	EndGlobalSection
	GlobalSection(SolutionProperties) = preSolution
		HideSolutionNode = FALSE
	EndGlobalSection
	GlobalSection(ExtensibilityGlobals) = postSolution
		SolutionGuid = {78A8EC2A-00FB-4CAC-976E-4E149B973146}
	EndGlobalSection
EndGlobal
